
Microsoft Visual Studio Solution File, Format Version 12.00
# Visual Studio Version 17
VisualStudioVersion = 17.0.31903.59
MinimumVisualStudioVersion = 10.0.40219.1
Project("{2150E333-8FDC-42A3-9474-1A3956D46DE8}") = "src", "src", "{827E0CD3-B72D-47B6-A68D-7590B98EB39B}"
EndProject
Project("{2150E333-8FDC-42A3-9474-1A3956D46DE8}") = "Gateway", "Gateway", "{6306A8FB-679E-111F-6585-8F70E0EE6013}"
EndProject
Project("{FAE04EC0-301F-11D3-BF4B-00C04F79EFBC}") = "RelPro.Gateway", "src\Gateway\RelPro.Gateway\RelPro.Gateway.csproj", "{E3BF2C1A-88DD-4AC2-A263-AA53A0FBA7AE}"
EndProject
Project("{2150E333-8FDC-42A3-9474-1A3956D46DE8}") = "Services", "Services", "{984BB9B3-3FA3-BE33-9484-CAC21695A33C}"
EndProject
Project("{2150E333-8FDC-42A3-9474-1A3956D46DE8}") = "AI.Service", "AI.Service", "{724486AF-11DD-E77D-319B-027AE8CF29C2}"
EndProject
Project("{FAE04EC0-301F-11D3-BF4B-00C04F79EFBC}") = "RelPro.AI.Api", "src\Services\AI.Service\RelPro.AI.Api\RelPro.AI.Api.csproj", "{5BCEC637-DC55-43AA-B3A9-E62656EC7D07}"
EndProject
Project("{2150E333-8FDC-42A3-9474-1A3956D46DE8}") = "Automation.Service", "Automation.Service", "{49622CD2-ADDF-BABE-C776-49851A479169}"
EndProject
Project("{FAE04EC0-301F-11D3-BF4B-00C04F79EFBC}") = "RelPro.Automation.Api", "src\Services\Automation.Service\RelPro.Automation.Api\RelPro.Automation.Api.csproj", "{EA5BB994-FF09-4F26-AB87-5AF7A6022AD5}"
EndProject
Project("{2150E333-8FDC-42A3-9474-1A3956D46DE8}") = "CRM.Service", "CRM.Service", "{5E941B72-F1B1-138C-6A58-B153B21FE4C3}"
EndProject
Project("{FAE04EC0-301F-11D3-BF4B-00C04F79EFBC}") = "RelPro.CRM.Api", "src\Services\CRM.Service\RelPro.CRM.Api\RelPro.CRM.Api.csproj", "{9FB72A7D-6BEA-4FF0-9B62-6E8CCA08AF06}"
EndProject
Project("{2150E333-8FDC-42A3-9474-1A3956D46DE8}") = "Data.Service", "Data.Service", "{21B10DFB-95E0-B0D8-8BD0-DF01F6D236CA}"
EndProject
Project("{FAE04EC0-301F-11D3-BF4B-00C04F79EFBC}") = "RelPro.Data.Api", "src\Services\Data.Service\RelPro.Data.Api\RelPro.Data.Api.csproj", "{2356D3F3-B0AE-4C15-93F4-AB113032676C}"
EndProject
Project("{2150E333-8FDC-42A3-9474-1A3956D46DE8}") = "Email.Service", "Email.Service", "{A273B5C6-98F6-8978-FEC0-24135A62BE72}"
EndProject
Project("{FAE04EC0-301F-11D3-BF4B-00C04F79EFBC}") = "RelPro.Email.Api", "src\Services\Email.Service\RelPro.Email.Api\RelPro.Email.Api.csproj", "{D25554DD-B766-46F9-A4DD-1F0602A51483}"
EndProject
Project("{2150E333-8FDC-42A3-9474-1A3956D46DE8}") = "Entitlement.Service", "Entitlement.Service", "{2C36E542-5A68-E8DD-AA22-3420EAE3F4A3}"
EndProject
Project("{FAE04EC0-301F-11D3-BF4B-00C04F79EFBC}") = "RelPro.Entitlement.Api", "src\Services\Entitlement.Service\RelPro.Entitlement.Api\RelPro.Entitlement.Api.csproj", "{CD078B2D-A74E-49E5-9AD1-147C7308644C}"
EndProject
Project("{2150E333-8FDC-42A3-9474-1A3956D46DE8}") = "File.Service", "File.Service", "{2459771F-5B01-1D74-3502-20AA14D195C1}"
EndProject
Project("{FAE04EC0-301F-11D3-BF4B-00C04F79EFBC}") = "RelPro.File.Api", "src\Services\File.Service\RelPro.File.Api\RelPro.File.Api.csproj", "{C7332EC8-0BF4-4D90-AB93-D44BC4BF13A9}"
EndProject
Project("{2150E333-8FDC-42A3-9474-1A3956D46DE8}") = "Quota.Service", "Quota.Service", "{9DC98793-F121-77D4-8429-A0E7D9EBBE24}"
EndProject
Project("{FAE04EC0-301F-11D3-BF4B-00C04F79EFBC}") = "RelPro.Quota.Api", "src\Services\Quota.Service\RelPro.Quota.Api\RelPro.Quota.Api.csproj", "{8D2462CC-8A54-4265-B0CF-6EF419B1F0DF}"
EndProject
Project("{2150E333-8FDC-42A3-9474-1A3956D46DE8}") = "Reporting.Service", "Reporting.Service", "{2061E0F4-572C-35A6-23FF-AA1307C6EA1B}"
EndProject
Project("{FAE04EC0-301F-11D3-BF4B-00C04F79EFBC}") = "RelPro.Reporting.Api", "src\Services\Reporting.Service\RelPro.Reporting.Api\RelPro.Reporting.Api.csproj", "{1ECDB05F-AE6D-458E-8DCC-AF391573F084}"
EndProject
Project("{2150E333-8FDC-42A3-9474-1A3956D46DE8}") = "Vendor.Service", "Vendor.Service", "{71809C67-049E-95F8-153D-4EACAD17525A}"
EndProject
Project("{FAE04EC0-301F-11D3-BF4B-00C04F79EFBC}") = "RelPro.Vendor.Api", "src\Services\Vendor.Service\RelPro.Vendor.Api\RelPro.Vendor.Api.csproj", "{23019909-DD1B-45BE-9663-4C81929D9399}"
EndProject
Project("{2150E333-8FDC-42A3-9474-1A3956D46DE8}") = "Shared", "Shared", "{C8E42992-5E42-0C2B-DBFE-AA848D06431C}"
EndProject
Project("{FAE04EC0-301F-11D3-BF4B-00C04F79EFBC}") = "RelPro.Common", "src\Shared\RelPro.Common\RelPro.Common.csproj", "{971596C3-ACF2-4576-85DE-919B52F057EA}"
EndProject
Project("{FAE04EC0-301F-11D3-BF4B-00C04F79EFBC}") = "RelPro.Contracts", "src\Shared\RelPro.Contracts\RelPro.Contracts.csproj", "{2CD68E76-737D-46BB-8E78-94C3D8C98DF8}"
EndProject
Project("{FAE04EC0-301F-11D3-BF4B-00C04F79EFBC}") = "RelPro.Infrastructure", "src\Shared\RelPro.Infrastructure\RelPro.Infrastructure.csproj", "{DB1A2C96-DCF7-42FA-AE0C-4E28743DE36D}"
EndProject
Project("{2150E333-8FDC-42A3-9474-1A3956D46DE8}") = "tests", "tests", "{0AB3BF05-4346-4AA6-1389-037BE0695223}"
EndProject
Project("{2150E333-8FDC-42A3-9474-1A3956D46DE8}") = "unit", "unit", "{9D556B49-86D1-93A7-9596-FFAAB74EC556}"
EndProject
Project("{FAE04EC0-301F-11D3-BF4B-00C04F79EFBC}") = "RelPro.Auth.Tests", "tests\unit\RelPro.Auth.Tests\RelPro.Auth.Tests.csproj", "{42510402-B9D5-4D9E-8062-B1B695CB9229}"
EndProject
Project("{FAE04EC0-301F-11D3-BF4B-00C04F79EFBC}") = "RelPro.Common.Tests", "tests\unit\RelPro.Common.Tests\RelPro.Common.Tests.csproj", "{6CF6DBFF-816C-441C-A32C-D8D0145E64DD}"
EndProject
Project("{FAE04EC0-301F-11D3-BF4B-00C04F79EFBC}") = "RelPro.Contracts.Tests", "tests\unit\RelPro.Contracts.Tests\RelPro.Contracts.Tests.csproj", "{0A1E9816-D69D-4782-8566-574832871D87}"
EndProject
Project("{FAE04EC0-301F-11D3-BF4B-00C04F79EFBC}") = "RelPro.Entitlement.Tests", "tests\unit\RelPro.Entitlement.Tests\RelPro.Entitlement.Tests.csproj", "{16F3391E-E623-47DC-AF59-DFA9D8143586}"
EndProject
Project("{FAE04EC0-301F-11D3-BF4B-00C04F79EFBC}") = "RelPro.Infrastructure.Tests", "tests\unit\RelPro.Infrastructure.Tests\RelPro.Infrastructure.Tests.csproj", "{8EFCAAAA-A732-4AA8-A4D3-3A1877CB42E0}"
EndProject
Project("{FAE04EC0-301F-11D3-BF4B-00C04F79EFBC}") = "RelPro.Quota.Tests", "tests\unit\RelPro.Quota.Tests\RelPro.Quota.Tests.csproj", "{8EE87DB1-55A8-401C-BA63-81E3A7B0BFA1}"
EndProject
Project("{FAE04EC0-301F-11D3-BF4B-00C04F79EFBC}") = "RelPro.Search.Tests", "tests\unit\RelPro.Search.Tests\RelPro.Search.Tests.csproj", "{83D2B623-72F5-4ACB-8C35-C424D9A01CA8}"
EndProject
Project("{FAE04EC0-301F-11D3-BF4B-00C04F79EFBC}") = "RelPro.User.Tests", "tests\unit\RelPro.User.Tests\RelPro.User.Tests.csproj", "{4DACC3F3-C870-41D8-BC9A-0BB8D8F25AC5}"
EndProject
Project("{2150E333-8FDC-42A3-9474-1A3956D46DE8}") = "integration", "integration", "{28A6993C-471E-82FE-7D9E-AD3B1EC22BD9}"
EndProject
Project("{2150E333-8FDC-42A3-9474-1A3956D46DE8}") = "CARDS.Api", "CARDS.Api", "{3719D839-B186-0614-FA95-82AC66DB1ACF}"
EndProject
Project("{FAE04EC0-301F-11D3-BF4B-00C04F79EFBC}") = "RelPro.CARDS.Api", "src\Services\CARDS.Api\RelPro.CARDS.Api\RelPro.CARDS.Api.csproj", "{D3FDE595-6443-4E8D-A98E-102402CE85BA}"
EndProject
Project("{FAE04EC0-301F-11D3-BF4B-00C04F79EFBC}") = "RelPro.CARDS.IntegrationTests", "tests\integration\RelPro.CARDS.IntegrationTests\RelPro.CARDS.IntegrationTests.csproj", "{D905F1F8-EAF3-4D21-BEF3-3AF0555FF2CF}"
EndProject
Global
	GlobalSection(SolutionConfigurationPlatforms) = preSolution
		Debug|Any CPU = Debug|Any CPU
		Debug|x64 = Debug|x64
		Debug|x86 = Debug|x86
		Release|Any CPU = Release|Any CPU
		Release|x64 = Release|x64
		Release|x86 = Release|x86
	EndGlobalSection
	GlobalSection(ProjectConfigurationPlatforms) = postSolution
		{E3BF2C1A-88DD-4AC2-A263-AA53A0FBA7AE}.Debug|Any CPU.ActiveCfg = Debug|Any CPU
		{E3BF2C1A-88DD-4AC2-A263-AA53A0FBA7AE}.Debug|Any CPU.Build.0 = Debug|Any CPU
		{E3BF2C1A-88DD-4AC2-A263-AA53A0FBA7AE}.Debug|x64.ActiveCfg = Debug|Any CPU
		{E3BF2C1A-88DD-4AC2-A263-AA53A0FBA7AE}.Debug|x64.Build.0 = Debug|Any CPU
		{E3BF2C1A-88DD-4AC2-A263-AA53A0FBA7AE}.Debug|x86.ActiveCfg = Debug|Any CPU
		{E3BF2C1A-88DD-4AC2-A263-AA53A0FBA7AE}.Debug|x86.Build.0 = Debug|Any CPU
		{E3BF2C1A-88DD-4AC2-A263-AA53A0FBA7AE}.Release|Any CPU.ActiveCfg = Release|Any CPU
		{E3BF2C1A-88DD-4AC2-A263-AA53A0FBA7AE}.Release|Any CPU.Build.0 = Release|Any CPU
		{E3BF2C1A-88DD-4AC2-A263-AA53A0FBA7AE}.Release|x64.ActiveCfg = Release|Any CPU
		{E3BF2C1A-88DD-4AC2-A263-AA53A0FBA7AE}.Release|x64.Build.0 = Release|Any CPU
		{E3BF2C1A-88DD-4AC2-A263-AA53A0FBA7AE}.Release|x86.ActiveCfg = Release|Any CPU
		{E3BF2C1A-88DD-4AC2-A263-AA53A0FBA7AE}.Release|x86.Build.0 = Release|Any CPU
		{5BCEC637-DC55-43AA-B3A9-E62656EC7D07}.Debug|Any CPU.ActiveCfg = Debug|Any CPU
		{5BCEC637-DC55-43AA-B3A9-E62656EC7D07}.Debug|Any CPU.Build.0 = Debug|Any CPU
		{5BCEC637-DC55-43AA-B3A9-E62656EC7D07}.Debug|x64.ActiveCfg = Debug|Any CPU
		{5BCEC637-DC55-43AA-B3A9-E62656EC7D07}.Debug|x64.Build.0 = Debug|Any CPU
		{5BCEC637-DC55-43AA-B3A9-E62656EC7D07}.Debug|x86.ActiveCfg = Debug|Any CPU
		{5BCEC637-DC55-43AA-B3A9-E62656EC7D07}.Debug|x86.Build.0 = Debug|Any CPU
		{5BCEC637-DC55-43AA-B3A9-E62656EC7D07}.Release|Any CPU.ActiveCfg = Release|Any CPU
		{5BCEC637-DC55-43AA-B3A9-E62656EC7D07}.Release|Any CPU.Build.0 = Release|Any CPU
		{5BCEC637-DC55-43AA-B3A9-E62656EC7D07}.Release|x64.ActiveCfg = Release|Any CPU
		{5BCEC637-DC55-43AA-B3A9-E62656EC7D07}.Release|x64.Build.0 = Release|Any CPU
		{5BCEC637-DC55-43AA-B3A9-E62656EC7D07}.Release|x86.ActiveCfg = Release|Any CPU
		{5BCEC637-DC55-43AA-B3A9-E62656EC7D07}.Release|x86.Build.0 = Release|Any CPU
		{EA5BB994-FF09-4F26-AB87-5AF7A6022AD5}.Debug|Any CPU.ActiveCfg = Debug|Any CPU
		{EA5BB994-FF09-4F26-AB87-5AF7A6022AD5}.Debug|Any CPU.Build.0 = Debug|Any CPU
		{EA5BB994-FF09-4F26-AB87-5AF7A6022AD5}.Debug|x64.ActiveCfg = Debug|Any CPU
		{EA5BB994-FF09-4F26-AB87-5AF7A6022AD5}.Debug|x64.Build.0 = Debug|Any CPU
		{EA5BB994-FF09-4F26-AB87-5AF7A6022AD5}.Debug|x86.ActiveCfg = Debug|Any CPU
		{EA5BB994-FF09-4F26-AB87-5AF7A6022AD5}.Debug|x86.Build.0 = Debug|Any CPU
		{EA5BB994-FF09-4F26-AB87-5AF7A6022AD5}.Release|Any CPU.ActiveCfg = Release|Any CPU
		{EA5BB994-FF09-4F26-AB87-5AF7A6022AD5}.Release|Any CPU.Build.0 = Release|Any CPU
		{EA5BB994-FF09-4F26-AB87-5AF7A6022AD5}.Release|x64.ActiveCfg = Release|Any CPU
		{EA5BB994-FF09-4F26-AB87-5AF7A6022AD5}.Release|x64.Build.0 = Release|Any CPU
		{EA5BB994-FF09-4F26-AB87-5AF7A6022AD5}.Release|x86.ActiveCfg = Release|Any CPU
		{EA5BB994-FF09-4F26-AB87-5AF7A6022AD5}.Release|x86.Build.0 = Release|Any CPU
		{9FB72A7D-6BEA-4FF0-9B62-6E8CCA08AF06}.Debug|Any CPU.ActiveCfg = Debug|Any CPU
		{9FB72A7D-6BEA-4FF0-9B62-6E8CCA08AF06}.Debug|Any CPU.Build.0 = Debug|Any CPU
		{9FB72A7D-6BEA-4FF0-9B62-6E8CCA08AF06}.Debug|x64.ActiveCfg = Debug|Any CPU
		{9FB72A7D-6BEA-4FF0-9B62-6E8CCA08AF06}.Debug|x64.Build.0 = Debug|Any CPU
		{9FB72A7D-6BEA-4FF0-9B62-6E8CCA08AF06}.Debug|x86.ActiveCfg = Debug|Any CPU
		{9FB72A7D-6BEA-4FF0-9B62-6E8CCA08AF06}.Debug|x86.Build.0 = Debug|Any CPU
		{9FB72A7D-6BEA-4FF0-9B62-6E8CCA08AF06}.Release|Any CPU.ActiveCfg = Release|Any CPU
		{9FB72A7D-6BEA-4FF0-9B62-6E8CCA08AF06}.Release|Any CPU.Build.0 = Release|Any CPU
		{9FB72A7D-6BEA-4FF0-9B62-6E8CCA08AF06}.Release|x64.ActiveCfg = Release|Any CPU
		{9FB72A7D-6BEA-4FF0-9B62-6E8CCA08AF06}.Release|x64.Build.0 = Release|Any CPU
		{9FB72A7D-6BEA-4FF0-9B62-6E8CCA08AF06}.Release|x86.ActiveCfg = Release|Any CPU
		{9FB72A7D-6BEA-4FF0-9B62-6E8CCA08AF06}.Release|x86.Build.0 = Release|Any CPU
		{2356D3F3-B0AE-4C15-93F4-AB113032676C}.Debug|Any CPU.ActiveCfg = Debug|Any CPU
		{2356D3F3-B0AE-4C15-93F4-AB113032676C}.Debug|Any CPU.Build.0 = Debug|Any CPU
		{2356D3F3-B0AE-4C15-93F4-AB113032676C}.Debug|x64.ActiveCfg = Debug|Any CPU
		{2356D3F3-B0AE-4C15-93F4-AB113032676C}.Debug|x64.Build.0 = Debug|Any CPU
		{2356D3F3-B0AE-4C15-93F4-AB113032676C}.Debug|x86.ActiveCfg = Debug|Any CPU
		{2356D3F3-B0AE-4C15-93F4-AB113032676C}.Debug|x86.Build.0 = Debug|Any CPU
		{2356D3F3-B0AE-4C15-93F4-AB113032676C}.Release|Any CPU.ActiveCfg = Release|Any CPU
		{2356D3F3-B0AE-4C15-93F4-AB113032676C}.Release|Any CPU.Build.0 = Release|Any CPU
		{2356D3F3-B0AE-4C15-93F4-AB113032676C}.Release|x64.ActiveCfg = Release|Any CPU
		{2356D3F3-B0AE-4C15-93F4-AB113032676C}.Release|x64.Build.0 = Release|Any CPU
		{2356D3F3-B0AE-4C15-93F4-AB113032676C}.Release|x86.ActiveCfg = Release|Any CPU
		{2356D3F3-B0AE-4C15-93F4-AB113032676C}.Release|x86.Build.0 = Release|Any CPU
		{D25554DD-B766-46F9-A4DD-1F0602A51483}.Debug|Any CPU.ActiveCfg = Debug|Any CPU
		{D25554DD-B766-46F9-A4DD-1F0602A51483}.Debug|Any CPU.Build.0 = Debug|Any CPU
		{D25554DD-B766-46F9-A4DD-1F0602A51483}.Debug|x64.ActiveCfg = Debug|Any CPU
		{D25554DD-B766-46F9-A4DD-1F0602A51483}.Debug|x64.Build.0 = Debug|Any CPU
		{D25554DD-B766-46F9-A4DD-1F0602A51483}.Debug|x86.ActiveCfg = Debug|Any CPU
		{D25554DD-B766-46F9-A4DD-1F0602A51483}.Debug|x86.Build.0 = Debug|Any CPU
		{D25554DD-B766-46F9-A4DD-1F0602A51483}.Release|Any CPU.ActiveCfg = Release|Any CPU
		{D25554DD-B766-46F9-A4DD-1F0602A51483}.Release|Any CPU.Build.0 = Release|Any CPU
		{D25554DD-B766-46F9-A4DD-1F0602A51483}.Release|x64.ActiveCfg = Release|Any CPU
		{D25554DD-B766-46F9-A4DD-1F0602A51483}.Release|x64.Build.0 = Release|Any CPU
		{D25554DD-B766-46F9-A4DD-1F0602A51483}.Release|x86.ActiveCfg = Release|Any CPU
		{D25554DD-B766-46F9-A4DD-1F0602A51483}.Release|x86.Build.0 = Release|Any CPU
		{CD078B2D-A74E-49E5-9AD1-147C7308644C}.Debug|Any CPU.ActiveCfg = Debug|Any CPU
		{CD078B2D-A74E-49E5-9AD1-147C7308644C}.Debug|Any CPU.Build.0 = Debug|Any CPU
		{CD078B2D-A74E-49E5-9AD1-147C7308644C}.Debug|x64.ActiveCfg = Debug|Any CPU
		{CD078B2D-A74E-49E5-9AD1-147C7308644C}.Debug|x64.Build.0 = Debug|Any CPU
		{CD078B2D-A74E-49E5-9AD1-147C7308644C}.Debug|x86.ActiveCfg = Debug|Any CPU
		{CD078B2D-A74E-49E5-9AD1-147C7308644C}.Debug|x86.Build.0 = Debug|Any CPU
		{CD078B2D-A74E-49E5-9AD1-147C7308644C}.Release|Any CPU.ActiveCfg = Release|Any CPU
		{CD078B2D-A74E-49E5-9AD1-147C7308644C}.Release|Any CPU.Build.0 = Release|Any CPU
		{CD078B2D-A74E-49E5-9AD1-147C7308644C}.Release|x64.ActiveCfg = Release|Any CPU
		{CD078B2D-A74E-49E5-9AD1-147C7308644C}.Release|x64.Build.0 = Release|Any CPU
		{CD078B2D-A74E-49E5-9AD1-147C7308644C}.Release|x86.ActiveCfg = Release|Any CPU
		{CD078B2D-A74E-49E5-9AD1-147C7308644C}.Release|x86.Build.0 = Release|Any CPU
		{C7332EC8-0BF4-4D90-AB93-D44BC4BF13A9}.Debug|Any CPU.ActiveCfg = Debug|Any CPU
		{C7332EC8-0BF4-4D90-AB93-D44BC4BF13A9}.Debug|Any CPU.Build.0 = Debug|Any CPU
		{C7332EC8-0BF4-4D90-AB93-D44BC4BF13A9}.Debug|x64.ActiveCfg = Debug|Any CPU
		{C7332EC8-0BF4-4D90-AB93-D44BC4BF13A9}.Debug|x64.Build.0 = Debug|Any CPU
		{C7332EC8-0BF4-4D90-AB93-D44BC4BF13A9}.Debug|x86.ActiveCfg = Debug|Any CPU
		{C7332EC8-0BF4-4D90-AB93-D44BC4BF13A9}.Debug|x86.Build.0 = Debug|Any CPU
		{C7332EC8-0BF4-4D90-AB93-D44BC4BF13A9}.Release|Any CPU.ActiveCfg = Release|Any CPU
		{C7332EC8-0BF4-4D90-AB93-D44BC4BF13A9}.Release|Any CPU.Build.0 = Release|Any CPU
		{C7332EC8-0BF4-4D90-AB93-D44BC4BF13A9}.Release|x64.ActiveCfg = Release|Any CPU
		{C7332EC8-0BF4-4D90-AB93-D44BC4BF13A9}.Release|x64.Build.0 = Release|Any CPU
		{C7332EC8-0BF4-4D90-AB93-D44BC4BF13A9}.Release|x86.ActiveCfg = Release|Any CPU
		{C7332EC8-0BF4-4D90-AB93-D44BC4BF13A9}.Release|x86.Build.0 = Release|Any CPU
		{8D2462CC-8A54-4265-B0CF-6EF419B1F0DF}.Debug|Any CPU.ActiveCfg = Debug|Any CPU
		{8D2462CC-8A54-4265-B0CF-6EF419B1F0DF}.Debug|Any CPU.Build.0 = Debug|Any CPU
		{8D2462CC-8A54-4265-B0CF-6EF419B1F0DF}.Debug|x64.ActiveCfg = Debug|Any CPU
		{8D2462CC-8A54-4265-B0CF-6EF419B1F0DF}.Debug|x64.Build.0 = Debug|Any CPU
		{8D2462CC-8A54-4265-B0CF-6EF419B1F0DF}.Debug|x86.ActiveCfg = Debug|Any CPU
		{8D2462CC-8A54-4265-B0CF-6EF419B1F0DF}.Debug|x86.Build.0 = Debug|Any CPU
		{8D2462CC-8A54-4265-B0CF-6EF419B1F0DF}.Release|Any CPU.ActiveCfg = Release|Any CPU
		{8D2462CC-8A54-4265-B0CF-6EF419B1F0DF}.Release|Any CPU.Build.0 = Release|Any CPU
		{8D2462CC-8A54-4265-B0CF-6EF419B1F0DF}.Release|x64.ActiveCfg = Release|Any CPU
		{8D2462CC-8A54-4265-B0CF-6EF419B1F0DF}.Release|x64.Build.0 = Release|Any CPU
		{8D2462CC-8A54-4265-B0CF-6EF419B1F0DF}.Release|x86.ActiveCfg = Release|Any CPU
		{8D2462CC-8A54-4265-B0CF-6EF419B1F0DF}.Release|x86.Build.0 = Release|Any CPU
		{1ECDB05F-AE6D-458E-8DCC-AF391573F084}.Debug|Any CPU.ActiveCfg = Debug|Any CPU
		{1ECDB05F-AE6D-458E-8DCC-AF391573F084}.Debug|Any CPU.Build.0 = Debug|Any CPU
		{1ECDB05F-AE6D-458E-8DCC-AF391573F084}.Debug|x64.ActiveCfg = Debug|Any CPU
		{1ECDB05F-AE6D-458E-8DCC-AF391573F084}.Debug|x64.Build.0 = Debug|Any CPU
		{1ECDB05F-AE6D-458E-8DCC-AF391573F084}.Debug|x86.ActiveCfg = Debug|Any CPU
		{1ECDB05F-AE6D-458E-8DCC-AF391573F084}.Debug|x86.Build.0 = Debug|Any CPU
		{1ECDB05F-AE6D-458E-8DCC-AF391573F084}.Release|Any CPU.ActiveCfg = Release|Any CPU
		{1ECDB05F-AE6D-458E-8DCC-AF391573F084}.Release|Any CPU.Build.0 = Release|Any CPU
		{1ECDB05F-AE6D-458E-8DCC-AF391573F084}.Release|x64.ActiveCfg = Release|Any CPU
		{1ECDB05F-AE6D-458E-8DCC-AF391573F084}.Release|x64.Build.0 = Release|Any CPU
		{1ECDB05F-AE6D-458E-8DCC-AF391573F084}.Release|x86.ActiveCfg = Release|Any CPU
		{1ECDB05F-AE6D-458E-8DCC-AF391573F084}.Release|x86.Build.0 = Release|Any CPU
		{23019909-DD1B-45BE-9663-4C81929D9399}.Debug|Any CPU.ActiveCfg = Debug|Any CPU
		{23019909-DD1B-45BE-9663-4C81929D9399}.Debug|Any CPU.Build.0 = Debug|Any CPU
		{23019909-DD1B-45BE-9663-4C81929D9399}.Debug|x64.ActiveCfg = Debug|Any CPU
		{23019909-DD1B-45BE-9663-4C81929D9399}.Debug|x64.Build.0 = Debug|Any CPU
		{23019909-DD1B-45BE-9663-4C81929D9399}.Debug|x86.ActiveCfg = Debug|Any CPU
		{23019909-DD1B-45BE-9663-4C81929D9399}.Debug|x86.Build.0 = Debug|Any CPU
		{23019909-DD1B-45BE-9663-4C81929D9399}.Release|Any CPU.ActiveCfg = Release|Any CPU
		{23019909-DD1B-45BE-9663-4C81929D9399}.Release|Any CPU.Build.0 = Release|Any CPU
		{23019909-DD1B-45BE-9663-4C81929D9399}.Release|x64.ActiveCfg = Release|Any CPU
		{23019909-DD1B-45BE-9663-4C81929D9399}.Release|x64.Build.0 = Release|Any CPU
		{23019909-DD1B-45BE-9663-4C81929D9399}.Release|x86.ActiveCfg = Release|Any CPU
		{23019909-DD1B-45BE-9663-4C81929D9399}.Release|x86.Build.0 = Release|Any CPU
		{971596C3-ACF2-4576-85DE-919B52F057EA}.Debug|Any CPU.ActiveCfg = Debug|Any CPU
		{971596C3-ACF2-4576-85DE-919B52F057EA}.Debug|Any CPU.Build.0 = Debug|Any CPU
		{971596C3-ACF2-4576-85DE-919B52F057EA}.Debug|x64.ActiveCfg = Debug|Any CPU
		{971596C3-ACF2-4576-85DE-919B52F057EA}.Debug|x64.Build.0 = Debug|Any CPU
		{971596C3-ACF2-4576-85DE-919B52F057EA}.Debug|x86.ActiveCfg = Debug|Any CPU
		{971596C3-ACF2-4576-85DE-919B52F057EA}.Debug|x86.Build.0 = Debug|Any CPU
		{971596C3-ACF2-4576-85DE-919B52F057EA}.Release|Any CPU.ActiveCfg = Release|Any CPU
		{971596C3-ACF2-4576-85DE-919B52F057EA}.Release|Any CPU.Build.0 = Release|Any CPU
		{971596C3-ACF2-4576-85DE-919B52F057EA}.Release|x64.ActiveCfg = Release|Any CPU
		{971596C3-ACF2-4576-85DE-919B52F057EA}.Release|x64.Build.0 = Release|Any CPU
		{971596C3-ACF2-4576-85DE-919B52F057EA}.Release|x86.ActiveCfg = Release|Any CPU
		{971596C3-ACF2-4576-85DE-919B52F057EA}.Release|x86.Build.0 = Release|Any CPU
		{2CD68E76-737D-46BB-8E78-94C3D8C98DF8}.Debug|Any CPU.ActiveCfg = Debug|Any CPU
		{2CD68E76-737D-46BB-8E78-94C3D8C98DF8}.Debug|Any CPU.Build.0 = Debug|Any CPU
		{2CD68E76-737D-46BB-8E78-94C3D8C98DF8}.Debug|x64.ActiveCfg = Debug|Any CPU
		{2CD68E76-737D-46BB-8E78-94C3D8C98DF8}.Debug|x64.Build.0 = Debug|Any CPU
		{2CD68E76-737D-46BB-8E78-94C3D8C98DF8}.Debug|x86.ActiveCfg = Debug|Any CPU
		{2CD68E76-737D-46BB-8E78-94C3D8C98DF8}.Debug|x86.Build.0 = Debug|Any CPU
		{2CD68E76-737D-46BB-8E78-94C3D8C98DF8}.Release|Any CPU.ActiveCfg = Release|Any CPU
		{2CD68E76-737D-46BB-8E78-94C3D8C98DF8}.Release|Any CPU.Build.0 = Release|Any CPU
		{2CD68E76-737D-46BB-8E78-94C3D8C98DF8}.Release|x64.ActiveCfg = Release|Any CPU
		{2CD68E76-737D-46BB-8E78-94C3D8C98DF8}.Release|x64.Build.0 = Release|Any CPU
		{2CD68E76-737D-46BB-8E78-94C3D8C98DF8}.Release|x86.ActiveCfg = Release|Any CPU
		{2CD68E76-737D-46BB-8E78-94C3D8C98DF8}.Release|x86.Build.0 = Release|Any CPU
		{DB1A2C96-DCF7-42FA-AE0C-4E28743DE36D}.Debug|Any CPU.ActiveCfg = Debug|Any CPU
		{DB1A2C96-DCF7-42FA-AE0C-4E28743DE36D}.Debug|Any CPU.Build.0 = Debug|Any CPU
		{DB1A2C96-DCF7-42FA-AE0C-4E28743DE36D}.Debug|x64.ActiveCfg = Debug|Any CPU
		{DB1A2C96-DCF7-42FA-AE0C-4E28743DE36D}.Debug|x64.Build.0 = Debug|Any CPU
		{DB1A2C96-DCF7-42FA-AE0C-4E28743DE36D}.Debug|x86.ActiveCfg = Debug|Any CPU
		{DB1A2C96-DCF7-42FA-AE0C-4E28743DE36D}.Debug|x86.Build.0 = Debug|Any CPU
		{DB1A2C96-DCF7-42FA-AE0C-4E28743DE36D}.Release|Any CPU.ActiveCfg = Release|Any CPU
		{DB1A2C96-DCF7-42FA-AE0C-4E28743DE36D}.Release|Any CPU.Build.0 = Release|Any CPU
		{DB1A2C96-DCF7-42FA-AE0C-4E28743DE36D}.Release|x64.ActiveCfg = Release|Any CPU
		{DB1A2C96-DCF7-42FA-AE0C-4E28743DE36D}.Release|x64.Build.0 = Release|Any CPU
		{DB1A2C96-DCF7-42FA-AE0C-4E28743DE36D}.Release|x86.ActiveCfg = Release|Any CPU
		{DB1A2C96-DCF7-42FA-AE0C-4E28743DE36D}.Release|x86.Build.0 = Release|Any CPU
		{42510402-B9D5-4D9E-8062-B1B695CB9229}.Debug|Any CPU.ActiveCfg = Debug|Any CPU
		{42510402-B9D5-4D9E-8062-B1B695CB9229}.Debug|Any CPU.Build.0 = Debug|Any CPU
		{42510402-B9D5-4D9E-8062-B1B695CB9229}.Debug|x64.ActiveCfg = Debug|Any CPU
		{42510402-B9D5-4D9E-8062-B1B695CB9229}.Debug|x64.Build.0 = Debug|Any CPU
		{42510402-B9D5-4D9E-8062-B1B695CB9229}.Debug|x86.ActiveCfg = Debug|Any CPU
		{42510402-B9D5-4D9E-8062-B1B695CB9229}.Debug|x86.Build.0 = Debug|Any CPU
		{42510402-B9D5-4D9E-8062-B1B695CB9229}.Release|Any CPU.ActiveCfg = Release|Any CPU
		{42510402-B9D5-4D9E-8062-B1B695CB9229}.Release|Any CPU.Build.0 = Release|Any CPU
		{42510402-B9D5-4D9E-8062-B1B695CB9229}.Release|x64.ActiveCfg = Release|Any CPU
		{42510402-B9D5-4D9E-8062-B1B695CB9229}.Release|x64.Build.0 = Release|Any CPU
		{42510402-B9D5-4D9E-8062-B1B695CB9229}.Release|x86.ActiveCfg = Release|Any CPU
		{42510402-B9D5-4D9E-8062-B1B695CB9229}.Release|x86.Build.0 = Release|Any CPU
		{6CF6DBFF-816C-441C-A32C-D8D0145E64DD}.Debug|Any CPU.ActiveCfg = Debug|Any CPU
		{6CF6DBFF-816C-441C-A32C-D8D0145E64DD}.Debug|Any CPU.Build.0 = Debug|Any CPU
		{6CF6DBFF-816C-441C-A32C-D8D0145E64DD}.Debug|x64.ActiveCfg = Debug|Any CPU
		{6CF6DBFF-816C-441C-A32C-D8D0145E64DD}.Debug|x64.Build.0 = Debug|Any CPU
		{6CF6DBFF-816C-441C-A32C-D8D0145E64DD}.Debug|x86.ActiveCfg = Debug|Any CPU
		{6CF6DBFF-816C-441C-A32C-D8D0145E64DD}.Debug|x86.Build.0 = Debug|Any CPU
		{6CF6DBFF-816C-441C-A32C-D8D0145E64DD}.Release|Any CPU.ActiveCfg = Release|Any CPU
		{6CF6DBFF-816C-441C-A32C-D8D0145E64DD}.Release|Any CPU.Build.0 = Release|Any CPU
		{6CF6DBFF-816C-441C-A32C-D8D0145E64DD}.Release|x64.ActiveCfg = Release|Any CPU
		{6CF6DBFF-816C-441C-A32C-D8D0145E64DD}.Release|x64.Build.0 = Release|Any CPU
		{6CF6DBFF-816C-441C-A32C-D8D0145E64DD}.Release|x86.ActiveCfg = Release|Any CPU
		{6CF6DBFF-816C-441C-A32C-D8D0145E64DD}.Release|x86.Build.0 = Release|Any CPU
		{0A1E9816-D69D-4782-8566-574832871D87}.Debug|Any CPU.ActiveCfg = Debug|Any CPU
		{0A1E9816-D69D-4782-8566-574832871D87}.Debug|Any CPU.Build.0 = Debug|Any CPU
		{0A1E9816-D69D-4782-8566-574832871D87}.Debug|x64.ActiveCfg = Debug|Any CPU
		{0A1E9816-D69D-4782-8566-574832871D87}.Debug|x64.Build.0 = Debug|Any CPU
		{0A1E9816-D69D-4782-8566-574832871D87}.Debug|x86.ActiveCfg = Debug|Any CPU
		{0A1E9816-D69D-4782-8566-574832871D87}.Debug|x86.Build.0 = Debug|Any CPU
		{0A1E9816-D69D-4782-8566-574832871D87}.Release|Any CPU.ActiveCfg = Release|Any CPU
		{0A1E9816-D69D-4782-8566-574832871D87}.Release|Any CPU.Build.0 = Release|Any CPU
		{0A1E9816-D69D-4782-8566-574832871D87}.Release|x64.ActiveCfg = Release|Any CPU
		{0A1E9816-D69D-4782-8566-574832871D87}.Release|x64.Build.0 = Release|Any CPU
		{0A1E9816-D69D-4782-8566-574832871D87}.Release|x86.ActiveCfg = Release|Any CPU
		{0A1E9816-D69D-4782-8566-574832871D87}.Release|x86.Build.0 = Release|Any CPU
		{16F3391E-E623-47DC-AF59-DFA9D8143586}.Debug|Any CPU.ActiveCfg = Debug|Any CPU
		{16F3391E-E623-47DC-AF59-DFA9D8143586}.Debug|Any CPU.Build.0 = Debug|Any CPU
		{16F3391E-E623-47DC-AF59-DFA9D8143586}.Debug|x64.ActiveCfg = Debug|Any CPU
		{16F3391E-E623-47DC-AF59-DFA9D8143586}.Debug|x64.Build.0 = Debug|Any CPU
		{16F3391E-E623-47DC-AF59-DFA9D8143586}.Debug|x86.ActiveCfg = Debug|Any CPU
		{16F3391E-E623-47DC-AF59-DFA9D8143586}.Debug|x86.Build.0 = Debug|Any CPU
		{16F3391E-E623-47DC-AF59-DFA9D8143586}.Release|Any CPU.ActiveCfg = Release|Any CPU
		{16F3391E-E623-47DC-AF59-DFA9D8143586}.Release|Any CPU.Build.0 = Release|Any CPU
		{16F3391E-E623-47DC-AF59-DFA9D8143586}.Release|x64.ActiveCfg = Release|Any CPU
		{16F3391E-E623-47DC-AF59-DFA9D8143586}.Release|x64.Build.0 = Release|Any CPU
		{16F3391E-E623-47DC-AF59-DFA9D8143586}.Release|x86.ActiveCfg = Release|Any CPU
		{16F3391E-E623-47DC-AF59-DFA9D8143586}.Release|x86.Build.0 = Release|Any CPU
		{8EFCAAAA-A732-4AA8-A4D3-3A1877CB42E0}.Debug|Any CPU.ActiveCfg = Debug|Any CPU
		{8EFCAAAA-A732-4AA8-A4D3-3A1877CB42E0}.Debug|Any CPU.Build.0 = Debug|Any CPU
		{8EFCAAAA-A732-4AA8-A4D3-3A1877CB42E0}.Debug|x64.ActiveCfg = Debug|Any CPU
		{8EFCAAAA-A732-4AA8-A4D3-3A1877CB42E0}.Debug|x64.Build.0 = Debug|Any CPU
		{8EFCAAAA-A732-4AA8-A4D3-3A1877CB42E0}.Debug|x86.ActiveCfg = Debug|Any CPU
		{8EFCAAAA-A732-4AA8-A4D3-3A1877CB42E0}.Debug|x86.Build.0 = Debug|Any CPU
		{8EFCAAAA-A732-4AA8-A4D3-3A1877CB42E0}.Release|Any CPU.ActiveCfg = Release|Any CPU
		{8EFCAAAA-A732-4AA8-A4D3-3A1877CB42E0}.Release|Any CPU.Build.0 = Release|Any CPU
		{8EFCAAAA-A732-4AA8-A4D3-3A1877CB42E0}.Release|x64.ActiveCfg = Release|Any CPU
		{8EFCAAAA-A732-4AA8-A4D3-3A1877CB42E0}.Release|x64.Build.0 = Release|Any CPU
		{8EFCAAAA-A732-4AA8-A4D3-3A1877CB42E0}.Release|x86.ActiveCfg = Release|Any CPU
		{8EFCAAAA-A732-4AA8-A4D3-3A1877CB42E0}.Release|x86.Build.0 = Release|Any CPU
		{8EE87DB1-55A8-401C-BA63-81E3A7B0BFA1}.Debug|Any CPU.ActiveCfg = Debug|Any CPU
		{8EE87DB1-55A8-401C-BA63-81E3A7B0BFA1}.Debug|Any CPU.Build.0 = Debug|Any CPU
		{8EE87DB1-55A8-401C-BA63-81E3A7B0BFA1}.Debug|x64.ActiveCfg = Debug|Any CPU
		{8EE87DB1-55A8-401C-BA63-81E3A7B0BFA1}.Debug|x64.Build.0 = Debug|Any CPU
		{8EE87DB1-55A8-401C-BA63-81E3A7B0BFA1}.Debug|x86.ActiveCfg = Debug|Any CPU
		{8EE87DB1-55A8-401C-BA63-81E3A7B0BFA1}.Debug|x86.Build.0 = Debug|Any CPU
		{8EE87DB1-55A8-401C-BA63-81E3A7B0BFA1}.Release|Any CPU.ActiveCfg = Release|Any CPU
		{8EE87DB1-55A8-401C-BA63-81E3A7B0BFA1}.Release|Any CPU.Build.0 = Release|Any CPU
		{8EE87DB1-55A8-401C-BA63-81E3A7B0BFA1}.Release|x64.ActiveCfg = Release|Any CPU
		{8EE87DB1-55A8-401C-BA63-81E3A7B0BFA1}.Release|x64.Build.0 = Release|Any CPU
		{8EE87DB1-55A8-401C-BA63-81E3A7B0BFA1}.Release|x86.ActiveCfg = Release|Any CPU
		{8EE87DB1-55A8-401C-BA63-81E3A7B0BFA1}.Release|x86.Build.0 = Release|Any CPU
		{83D2B623-72F5-4ACB-8C35-C424D9A01CA8}.Debug|Any CPU.ActiveCfg = Debug|Any CPU
		{83D2B623-72F5-4ACB-8C35-C424D9A01CA8}.Debug|Any CPU.Build.0 = Debug|Any CPU
		{83D2B623-72F5-4ACB-8C35-C424D9A01CA8}.Debug|x64.ActiveCfg = Debug|Any CPU
		{83D2B623-72F5-4ACB-8C35-C424D9A01CA8}.Debug|x64.Build.0 = Debug|Any CPU
		{83D2B623-72F5-4ACB-8C35-C424D9A01CA8}.Debug|x86.ActiveCfg = Debug|Any CPU
		{83D2B623-72F5-4ACB-8C35-C424D9A01CA8}.Debug|x86.Build.0 = Debug|Any CPU
		{83D2B623-72F5-4ACB-8C35-C424D9A01CA8}.Release|Any CPU.ActiveCfg = Release|Any CPU
		{83D2B623-72F5-4ACB-8C35-C424D9A01CA8}.Release|Any CPU.Build.0 = Release|Any CPU
		{83D2B623-72F5-4ACB-8C35-C424D9A01CA8}.Release|x64.ActiveCfg = Release|Any CPU
		{83D2B623-72F5-4ACB-8C35-C424D9A01CA8}.Release|x64.Build.0 = Release|Any CPU
		{83D2B623-72F5-4ACB-8C35-C424D9A01CA8}.Release|x86.ActiveCfg = Release|Any CPU
		{83D2B623-72F5-4ACB-8C35-C424D9A01CA8}.Release|x86.Build.0 = Release|Any CPU
		{4DACC3F3-C870-41D8-BC9A-0BB8D8F25AC5}.Debug|Any CPU.ActiveCfg = Debug|Any CPU
		{4DACC3F3-C870-41D8-BC9A-0BB8D8F25AC5}.Debug|Any CPU.Build.0 = Debug|Any CPU
		{4DACC3F3-C870-41D8-BC9A-0BB8D8F25AC5}.Debug|x64.ActiveCfg = Debug|Any CPU
		{4DACC3F3-C870-41D8-BC9A-0BB8D8F25AC5}.Debug|x64.Build.0 = Debug|Any CPU
		{4DACC3F3-C870-41D8-BC9A-0BB8D8F25AC5}.Debug|x86.ActiveCfg = Debug|Any CPU
		{4DACC3F3-C870-41D8-BC9A-0BB8D8F25AC5}.Debug|x86.Build.0 = Debug|Any CPU
		{4DACC3F3-C870-41D8-BC9A-0BB8D8F25AC5}.Release|Any CPU.ActiveCfg = Release|Any CPU
		{4DACC3F3-C870-41D8-BC9A-0BB8D8F25AC5}.Release|Any CPU.Build.0 = Release|Any CPU
		{4DACC3F3-C870-41D8-BC9A-0BB8D8F25AC5}.Release|x64.ActiveCfg = Release|Any CPU
		{4DACC3F3-C870-41D8-BC9A-0BB8D8F25AC5}.Release|x64.Build.0 = Release|Any CPU
		{4DACC3F3-C870-41D8-BC9A-0BB8D8F25AC5}.Release|x86.ActiveCfg = Release|Any CPU
		{4DACC3F3-C870-41D8-BC9A-0BB8D8F25AC5}.Release|x86.Build.0 = Release|Any CPU
		{D3FDE595-6443-4E8D-A98E-102402CE85BA}.Debug|Any CPU.ActiveCfg = Debug|Any CPU
		{D3FDE595-6443-4E8D-A98E-102402CE85BA}.Debug|Any CPU.Build.0 = Debug|Any CPU
		{D3FDE595-6443-4E8D-A98E-102402CE85BA}.Debug|x64.ActiveCfg = Debug|Any CPU
		{D3FDE595-6443-4E8D-A98E-102402CE85BA}.Debug|x64.Build.0 = Debug|Any CPU
		{D3FDE595-6443-4E8D-A98E-102402CE85BA}.Debug|x86.ActiveCfg = Debug|Any CPU
		{D3FDE595-6443-4E8D-A98E-102402CE85BA}.Debug|x86.Build.0 = Debug|Any CPU
		{D3FDE595-6443-4E8D-A98E-102402CE85BA}.Release|Any CPU.ActiveCfg = Release|Any CPU
		{D3FDE595-6443-4E8D-A98E-102402CE85BA}.Release|Any CPU.Build.0 = Release|Any CPU
		{D3FDE595-6443-4E8D-A98E-102402CE85BA}.Release|x64.ActiveCfg = Release|Any CPU
		{D3FDE595-6443-4E8D-A98E-102402CE85BA}.Release|x64.Build.0 = Release|Any CPU
		{D3FDE595-6443-4E8D-A98E-102402CE85BA}.Release|x86.ActiveCfg = Release|Any CPU
		{D3FDE595-6443-4E8D-A98E-102402CE85BA}.Release|x86.Build.0 = Release|Any CPU
		{D905F1F8-EAF3-4D21-BEF3-3AF0555FF2CF}.Debug|Any CPU.ActiveCfg = Debug|Any CPU
		{D905F1F8-EAF3-4D21-BEF3-3AF0555FF2CF}.Debug|Any CPU.Build.0 = Debug|Any CPU
		{D905F1F8-EAF3-4D21-BEF3-3AF0555FF2CF}.Debug|x64.ActiveCfg = Debug|Any CPU
		{D905F1F8-EAF3-4D21-BEF3-3AF0555FF2CF}.Debug|x64.Build.0 = Debug|Any CPU
		{D905F1F8-EAF3-4D21-BEF3-3AF0555FF2CF}.Debug|x86.ActiveCfg = Debug|Any CPU
		{D905F1F8-EAF3-4D21-BEF3-3AF0555FF2CF}.Debug|x86.Build.0 = Debug|Any CPU
		{D905F1F8-EAF3-4D21-BEF3-3AF0555FF2CF}.Release|Any CPU.ActiveCfg = Release|Any CPU
		{D905F1F8-EAF3-4D21-BEF3-3AF0555FF2CF}.Release|Any CPU.Build.0 = Release|Any CPU
		{D905F1F8-EAF3-4D21-BEF3-3AF0555FF2CF}.Release|x64.ActiveCfg = Release|Any CPU
		{D905F1F8-EAF3-4D21-BEF3-3AF0555FF2CF}.Release|x64.Build.0 = Release|Any CPU
		{D905F1F8-EAF3-4D21-BEF3-3AF0555FF2CF}.Release|x86.ActiveCfg = Release|Any CPU
		{D905F1F8-EAF3-4D21-BEF3-3AF0555FF2CF}.Release|x86.Build.0 = Release|Any CPU
	EndGlobalSection
	GlobalSection(SolutionProperties) = preSolution
		HideSolutionNode = FALSE
	EndGlobalSection
	GlobalSection(NestedProjects) = preSolution
		{6306A8FB-679E-111F-6585-8F70E0EE6013} = {827E0CD3-B72D-47B6-A68D-7590B98EB39B}
		{E3BF2C1A-88DD-4AC2-A263-AA53A0FBA7AE} = {6306A8FB-679E-111F-6585-8F70E0EE6013}
		{984BB9B3-3FA3-BE33-9484-CAC21695A33C} = {827E0CD3-B72D-47B6-A68D-7590B98EB39B}
		{724486AF-11DD-E77D-319B-027AE8CF29C2} = {984BB9B3-3FA3-BE33-9484-CAC21695A33C}
		{5BCEC637-DC55-43AA-B3A9-E62656EC7D07} = {724486AF-11DD-E77D-319B-027AE8CF29C2}
		{49622CD2-ADDF-BABE-C776-49851A479169} = {984BB9B3-3FA3-BE33-9484-CAC21695A33C}
		{EA5BB994-FF09-4F26-AB87-5AF7A6022AD5} = {49622CD2-ADDF-BABE-C776-49851A479169}
		{5E941B72-F1B1-138C-6A58-B153B21FE4C3} = {984BB9B3-3FA3-BE33-9484-CAC21695A33C}
		{9FB72A7D-6BEA-4FF0-9B62-6E8CCA08AF06} = {5E941B72-F1B1-138C-6A58-B153B21FE4C3}
		{21B10DFB-95E0-B0D8-8BD0-DF01F6D236CA} = {984BB9B3-3FA3-BE33-9484-CAC21695A33C}
		{2356D3F3-B0AE-4C15-93F4-AB113032676C} = {21B10DFB-95E0-B0D8-8BD0-DF01F6D236CA}
		{A273B5C6-98F6-8978-FEC0-24135A62BE72} = {984BB9B3-3FA3-BE33-9484-CAC21695A33C}
		{D25554DD-B766-46F9-A4DD-1F0602A51483} = {A273B5C6-98F6-8978-FEC0-24135A62BE72}
		{2C36E542-5A68-E8DD-AA22-3420EAE3F4A3} = {984BB9B3-3FA3-BE33-9484-CAC21695A33C}
		{CD078B2D-A74E-49E5-9AD1-147C7308644C} = {2C36E542-5A68-E8DD-AA22-3420EAE3F4A3}
		{2459771F-5B01-1D74-3502-20AA14D195C1} = {984BB9B3-3FA3-BE33-9484-CAC21695A33C}
		{C7332EC8-0BF4-4D90-AB93-D44BC4BF13A9} = {2459771F-5B01-1D74-3502-20AA14D195C1}
		{9DC98793-F121-77D4-8429-A0E7D9EBBE24} = {984BB9B3-3FA3-BE33-9484-CAC21695A33C}
		{8D2462CC-8A54-4265-B0CF-6EF419B1F0DF} = {9DC98793-F121-77D4-8429-A0E7D9EBBE24}
		{2061E0F4-572C-35A6-23FF-AA1307C6EA1B} = {984BB9B3-3FA3-BE33-9484-CAC21695A33C}
		{1ECDB05F-AE6D-458E-8DCC-AF391573F084} = {2061E0F4-572C-35A6-23FF-AA1307C6EA1B}
		{71809C67-049E-95F8-153D-4EACAD17525A} = {984BB9B3-3FA3-BE33-9484-CAC21695A33C}
		{23019909-DD1B-45BE-9663-4C81929D9399} = {71809C67-049E-95F8-153D-4EACAD17525A}
		{C8E42992-5E42-0C2B-DBFE-AA848D06431C} = {827E0CD3-B72D-47B6-A68D-7590B98EB39B}
		{971596C3-ACF2-4576-85DE-919B52F057EA} = {C8E42992-5E42-0C2B-DBFE-AA848D06431C}
		{2CD68E76-737D-46BB-8E78-94C3D8C98DF8} = {C8E42992-5E42-0C2B-DBFE-AA848D06431C}
		{DB1A2C96-DCF7-42FA-AE0C-4E28743DE36D} = {C8E42992-5E42-0C2B-DBFE-AA848D06431C}
		{9D556B49-86D1-93A7-9596-FFAAB74EC556} = {0AB3BF05-4346-4AA6-1389-037BE0695223}
		{42510402-B9D5-4D9E-8062-B1B695CB9229} = {9D556B49-86D1-93A7-9596-FFAAB74EC556}
		{6CF6DBFF-816C-441C-A32C-D8D0145E64DD} = {9D556B49-86D1-93A7-9596-FFAAB74EC556}
		{0A1E9816-D69D-4782-8566-574832871D87} = {9D556B49-86D1-93A7-9596-FFAAB74EC556}
		{16F3391E-E623-47DC-AF59-DFA9D8143586} = {9D556B49-86D1-93A7-9596-FFAAB74EC556}
		{8EFCAAAA-A732-4AA8-A4D3-3A1877CB42E0} = {9D556B49-86D1-93A7-9596-FFAAB74EC556}
		{8EE87DB1-55A8-401C-BA63-81E3A7B0BFA1} = {9D556B49-86D1-93A7-9596-FFAAB74EC556}
		{83D2B623-72F5-4ACB-8C35-C424D9A01CA8} = {9D556B49-86D1-93A7-9596-FFAAB74EC556}
		{4DACC3F3-C870-41D8-BC9A-0BB8D8F25AC5} = {9D556B49-86D1-93A7-9596-FFAAB74EC556}
		{28A6993C-471E-82FE-7D9E-AD3B1EC22BD9} = {0AB3BF05-4346-4AA6-1389-037BE0695223}
		{3719D839-B186-0614-FA95-82AC66DB1ACF} = {984BB9B3-3FA3-BE33-9484-CAC21695A33C}
		{D3FDE595-6443-4E8D-A98E-102402CE85BA} = {3719D839-B186-0614-FA95-82AC66DB1ACF}
		{D905F1F8-EAF3-4D21-BEF3-3AF0555FF2CF} = {28A6993C-471E-82FE-7D9E-AD3B1EC22BD9}
	EndGlobalSection
EndGlobal
